
Microsoft Visual Studio Solution File, Format Version 12.00
# Visual Studio Version 16
VisualStudioVersion = 16.0.30225.117
MinimumVisualStudioVersion = 10.0.40219.1
Project("{FAE04EC0-301F-11D3-BF4B-00C04F79EFBC}") = "FileUtil.Core", "FileUtil.Core\FileUtil.Core.csproj", "{47335414-CE62-4427-B4F6-F593C3268655}"
EndProject
Project("{FAE04EC0-301F-11D3-BF4B-00C04F79EFBC}") = "FileUtil.Core.Nunit", "FileUtil.Core.Nunit\FileUtil.Core.Nunit.csproj", "{632C5B2C-32F6-48BE-A773-CE15284327D8}"
EndProject
Project("{FAE04EC0-301F-11D3-BF4B-00C04F79EFBC}") = "FileUtil.Models", "FileUtil.Models\FileUtil.Models.csproj", "{40D46A6A-DAEA-49BC-A533-0CD0BDA7F229}"
EndProject
Project("{FAE04EC0-301F-11D3-BF4B-00C04F79EFBC}") = "FileUtils", "FileUtils\FileUtils.csproj", "{8E82CDA5-82D2-4183-9FE2-9FF6B146AE0F}"
EndProject
Project("{FAE04EC0-301F-11D3-BF4B-00C04F79EFBC}") = "FileUtil.Service", "FileUtils.Service\FileUtil.Service.csproj", "{C88A6B51-78A3-4D0D-97C6-747B8F2ED625}"
EndProject
Project("{9A19103F-16F7-4668-BE54-9A1E7A4F7556}") = "FileUtil.Data", "FileUtil.Data\FileUtil.Data.csproj", "{FC4DFD02-FDB2-4DF7-B8A4-4939F989905E}"
EndProject
Global
	GlobalSection(SolutionConfigurationPlatforms) = preSolution
		Debug|Any CPU = Debug|Any CPU
		Release|Any CPU = Release|Any CPU
	EndGlobalSection
	GlobalSection(ProjectConfigurationPlatforms) = postSolution
		{47335414-CE62-4427-B4F6-F593C3268655}.Debug|Any CPU.ActiveCfg = Debug|Any CPU
		{47335414-CE62-4427-B4F6-F593C3268655}.Debug|Any CPU.Build.0 = Debug|Any CPU
		{47335414-CE62-4427-B4F6-F593C3268655}.Release|Any CPU.ActiveCfg = Release|Any CPU
		{47335414-CE62-4427-B4F6-F593C3268655}.Release|Any CPU.Build.0 = Release|Any CPU
		{632C5B2C-32F6-48BE-A773-CE15284327D8}.Debug|Any CPU.ActiveCfg = Debug|Any CPU
		{632C5B2C-32F6-48BE-A773-CE15284327D8}.Debug|Any CPU.Build.0 = Debug|Any CPU
		{632C5B2C-32F6-48BE-A773-CE15284327D8}.Release|Any CPU.ActiveCfg = Release|Any CPU
		{632C5B2C-32F6-48BE-A773-CE15284327D8}.Release|Any CPU.Build.0 = Release|Any CPU
		{40D46A6A-DAEA-49BC-A533-0CD0BDA7F229}.Debug|Any CPU.ActiveCfg = Debug|Any CPU
		{40D46A6A-DAEA-49BC-A533-0CD0BDA7F229}.Debug|Any CPU.Build.0 = Debug|Any CPU
		{40D46A6A-DAEA-49BC-A533-0CD0BDA7F229}.Release|Any CPU.ActiveCfg = Release|Any CPU
		{40D46A6A-DAEA-49BC-A533-0CD0BDA7F229}.Release|Any CPU.Build.0 = Release|Any CPU
		{8E82CDA5-82D2-4183-9FE2-9FF6B146AE0F}.Debug|Any CPU.ActiveCfg = Debug|Any CPU
		{8E82CDA5-82D2-4183-9FE2-9FF6B146AE0F}.Debug|Any CPU.Build.0 = Debug|Any CPU
		{8E82CDA5-82D2-4183-9FE2-9FF6B146AE0F}.Release|Any CPU.ActiveCfg = Release|Any CPU
		{8E82CDA5-82D2-4183-9FE2-9FF6B146AE0F}.Release|Any CPU.Build.0 = Release|Any CPU
		{C88A6B51-78A3-4D0D-97C6-747B8F2ED625}.Debug|Any CPU.ActiveCfg = Debug|Any CPU
		{C88A6B51-78A3-4D0D-97C6-747B8F2ED625}.Debug|Any CPU.Build.0 = Debug|Any CPU
		{C88A6B51-78A3-4D0D-97C6-747B8F2ED625}.Release|Any CPU.ActiveCfg = Release|Any CPU
		{C88A6B51-78A3-4D0D-97C6-747B8F2ED625}.Release|Any CPU.Build.0 = Release|Any CPU
		{FC4DFD02-FDB2-4DF7-B8A4-4939F989905E}.Debug|Any CPU.ActiveCfg = Debug|Any CPU
		{FC4DFD02-FDB2-4DF7-B8A4-4939F989905E}.Debug|Any CPU.Build.0 = Debug|Any CPU
		{FC4DFD02-FDB2-4DF7-B8A4-4939F989905E}.Release|Any CPU.ActiveCfg = Release|Any CPU
		{FC4DFD02-FDB2-4DF7-B8A4-4939F989905E}.Release|Any CPU.Build.0 = Release|Any CPU
	EndGlobalSection
	GlobalSection(SolutionProperties) = preSolution
		HideSolutionNode = FALSE
	EndGlobalSection
	GlobalSection(ExtensibilityGlobals) = postSolution
		SolutionGuid = {BC98B127-6155-45B2-89D6-72D018A0AA9D}
	EndGlobalSection
EndGlobal
